
Microsoft Visual Studio Solution File, Format Version 12.00
Project("{FAE04EC0-301F-11D3-BF4B-00C04F79EFBC}") = "api-sync", "api-sync\api-sync.csproj", "{AE9B4EA6-2B2D-4894-B21C-2D650BBD5B1F}"
EndProject
Global
	GlobalSection(SolutionConfigurationPlatforms) = preSolution
		Debug|Any CPU = Debug|Any CPU
		Release|Any CPU = Release|Any CPU
	EndGlobalSection
	GlobalSection(ProjectConfigurationPlatforms) = postSolution
		{AE9B4EA6-2B2D-4894-B21C-2D650BBD5B1F}.Debug|Any CPU.ActiveCfg = Debug|Any CPU
		{AE9B4EA6-2B2D-4894-B21C-2D650BBD5B1F}.Debug|Any CPU.Build.0 = Debug|Any CPU
		{AE9B4EA6-2B2D-4894-B21C-2D650BBD5B1F}.Release|Any CPU.ActiveCfg = Release|Any CPU
		{AE9B4EA6-2B2D-4894-B21C-2D650BBD5B1F}.Release|Any CPU.Build.0 = Release|Any CPU
	EndGlobalSection
EndGlobal
